
Microsoft Visual Studio Solution File, Format Version 12.00
# Visual Studio Version 17
VisualStudioVersion = 17.5.33516.290
MinimumVisualStudioVersion = 10.0.40219.1
Project("{FAE04EC0-301F-11D3-BF4B-00C04F79EFBC}") = "Registro_alumno", "Registro_alumno.csproj", "{43761AB7-36E1-4CEF-8198-B7FAAAC4D7DE}"
EndProject
Global
	GlobalSection(SolutionConfigurationPlatforms) = preSolution
		Debug|Any CPU = Debug|Any CPU
		Release|Any CPU = Release|Any CPU
	EndGlobalSection
	GlobalSection(ProjectConfigurationPlatforms) = postSolution
		{43761AB7-36E1-4CEF-8198-B7FAAAC4D7DE}.Debug|Any CPU.ActiveCfg = Debug|Any CPU
		{43761AB7-36E1-4CEF-8198-B7FAAAC4D7DE}.Debug|Any CPU.Build.0 = Debug|Any CPU
		{43761AB7-36E1-4CEF-8198-B7FAAAC4D7DE}.Release|Any CPU.ActiveCfg = Release|Any CPU
		{43761AB7-36E1-4CEF-8198-B7FAAAC4D7DE}.Release|Any CPU.Build.0 = Release|Any CPU
	EndGlobalSection
	GlobalSection(SolutionProperties) = preSolution
		HideSolutionNode = FALSE
	EndGlobalSection
	GlobalSection(ExtensibilityGlobals) = postSolution
		SolutionGuid = {D62930B8-EE19-462B-BEEE-F6C79F877F70}
	EndGlobalSection
EndGlobal
